// !$*UTF8*$!
{
	archiveVersion = 1;
	classes = {
	};
	objectVersion = 50;
	objects = {

/* Begin PBXBuildFile section */
		9820955220FB4A200051FA9D /* AppDelegate.swift in Sources */ = {isa = PBXBuildFile; fileRef = 9820955120FB4A200051FA9D /* AppDelegate.swift */; };
		9820955420FB4A200051FA9D /* ViewController.swift in Sources */ = {isa = PBXBuildFile; fileRef = 9820955320FB4A200051FA9D /* ViewController.swift */; };
		9820955720FB4A200051FA9D /* Main.storyboard in Resources */ = {isa = PBXBuildFile; fileRef = 9820955520FB4A200051FA9D /* Main.storyboard */; };
		9820955920FB4A210051FA9D /* Assets.xcassets in Resources */ = {isa = PBXBuildFile; fileRef = 9820955820FB4A210051FA9D /* Assets.xcassets */; };
		9820955C20FB4A210051FA9D /* LaunchScreen.storyboard in Resources */ = {isa = PBXBuildFile; fileRef = 9820955A20FB4A210051FA9D /* LaunchScreen.storyboard */; };
		9820956420FB4AE20051FA9D /* RDPhotoCollageLayout.swift in Sources */ = {isa = PBXBuildFile; fileRef = 9820956320FB4AE20051FA9D /* RDPhotoCollageLayout.swift */; };
		9880025D21044A10001156FF /* FourPhotosLayout.swift in Sources */ = {isa = PBXBuildFile; fileRef = 9880025C21044A10001156FF /* FourPhotosLayout.swift */; };
		9880025F21045648001156FF /* FivePhotosLayout.swift in Sources */ = {isa = PBXBuildFile; fileRef = 9880025E21045648001156FF /* FivePhotosLayout.swift */; };
		98941A632102FD5000126472 /* ImageCollectionViewCell.swift in Sources */ = {isa = PBXBuildFile; fileRef = 98941A622102FD5000126472 /* ImageCollectionViewCell.swift */; };
		98941A652103048500126472 /* TwoPhotosLayout.swift in Sources */ = {isa = PBXBuildFile; fileRef = 98941A642103048500126472 /* TwoPhotosLayout.swift */; };
		98941A67210315AF00126472 /* ThreePhotosLayout.swift in Sources */ = {isa = PBXBuildFile; fileRef = 98941A66210315AF00126472 /* ThreePhotosLayout.swift */; };
		98941A692103187900126472 /* OnePhotoLayout.swift in Sources */ = {isa = PBXBuildFile; fileRef = 98941A682103187900126472 /* OnePhotoLayout.swift */; };
/* End PBXBuildFile section */

/* Begin PBXFileReference section */
		9820954E20FB4A200051FA9D /* CustomLayout.app */ = {isa = PBXFileReference; explicitFileType = wrapper.application; includeInIndex = 0; path = CustomLayout.app; sourceTree = BUILT_PRODUCTS_DIR; };
		9820955120FB4A200051FA9D /* AppDelegate.swift */ = {isa = PBXFileReference; lastKnownFileType = sourcecode.swift; path = AppDelegate.swift; sourceTree = "<group>"; };
		9820955320FB4A200051FA9D /* ViewController.swift */ = {isa = PBXFileReference; lastKnownFileType = sourcecode.swift; path = ViewController.swift; sourceTree = "<group>"; };
		9820955620FB4A200051FA9D /* Base */ = {isa = PBXFileReference; lastKnownFileType = file.storyboard; name = Base; path = Base.lproj/Main.storyboard; sourceTree = "<group>"; };
		9820955820FB4A210051FA9D /* Assets.xcassets */ = {isa = PBXFileReference; lastKnownFileType = folder.assetcatalog; path = Assets.xcassets; sourceTree = "<group>"; };
		9820955B20FB4A210051FA9D /* Base */ = {isa = PBXFileReference; lastKnownFileType = file.storyboard; name = Base; path = Base.lproj/LaunchScreen.storyboard; sourceTree = "<group>"; };
		9820955D20FB4A210051FA9D /* Info.plist */ = {isa = PBXFileReference; lastKnownFileType = text.plist.xml; path = Info.plist; sourceTree = "<group>"; };
		9820956320FB4AE20051FA9D /* RDPhotoCollageLayout.swift */ = {isa = PBXFileReference; lastKnownFileType = sourcecode.swift; path = RDPhotoCollageLayout.swift; sourceTree = "<group>"; };
		9880025C21044A10001156FF /* FourPhotosLayout.swift */ = {isa = PBXFileReference; lastKnownFileType = sourcecode.swift; path = FourPhotosLayout.swift; sourceTree = "<group>"; };
		9880025E21045648001156FF /* FivePhotosLayout.swift */ = {isa = PBXFileReference; lastKnownFileType = sourcecode.swift; path = FivePhotosLayout.swift; sourceTree = "<group>"; };
		98941A622102FD5000126472 /* ImageCollectionViewCell.swift */ = {isa = PBXFileReference; lastKnownFileType = sourcecode.swift; path = ImageCollectionViewCell.swift; sourceTree = "<group>"; };
		98941A642103048500126472 /* TwoPhotosLayout.swift */ = {isa = PBXFileReference; lastKnownFileType = sourcecode.swift; path = TwoPhotosLayout.swift; sourceTree = "<group>"; };
		98941A66210315AF00126472 /* ThreePhotosLayout.swift */ = {isa = PBXFileReference; lastKnownFileType = sourcecode.swift; path = ThreePhotosLayout.swift; sourceTree = "<group>"; };
		98941A682103187900126472 /* OnePhotoLayout.swift */ = {isa = PBXFileReference; lastKnownFileType = sourcecode.swift; path = OnePhotoLayout.swift; sourceTree = "<group>"; };
/* End PBXFileReference section */

/* Begin PBXFrameworksBuildPhase section */
		9820954B20FB4A200051FA9D /* Frameworks */ = {
			isa = PBXFrameworksBuildPhase;
			buildActionMask = 2147483647;
			files = (
			);
			runOnlyForDeploymentPostprocessing = 0;
		};
/* End PBXFrameworksBuildPhase section */

/* Begin PBXGroup section */
		9820954520FB4A1F0051FA9D = {
			isa = PBXGroup;
			children = (
				9820955020FB4A200051FA9D /* CustomLayout */,
				9820954F20FB4A200051FA9D /* Products */,
			);
			sourceTree = "<group>";
		};
		9820954F20FB4A200051FA9D /* Products */ = {
			isa = PBXGroup;
			children = (
				9820954E20FB4A200051FA9D /* CustomLayout.app */,
			);
			name = Products;
			sourceTree = "<group>";
		};
		9820955020FB4A200051FA9D /* CustomLayout */ = {
			isa = PBXGroup;
			children = (
				9820955A20FB4A210051FA9D /* LaunchScreen.storyboard */,
				9820955120FB4A200051FA9D /* AppDelegate.swift */,
				9820955320FB4A200051FA9D /* ViewController.swift */,
				9820955520FB4A200051FA9D /* Main.storyboard */,
				9820955820FB4A210051FA9D /* Assets.xcassets */,
				9820955D20FB4A210051FA9D /* Info.plist */,
				9820956320FB4AE20051FA9D /* RDPhotoCollageLayout.swift */,
				98941A622102FD5000126472 /* ImageCollectionViewCell.swift */,
				98941A682103187900126472 /* OnePhotoLayout.swift */,
				98941A642103048500126472 /* TwoPhotosLayout.swift */,
				98941A66210315AF00126472 /* ThreePhotosLayout.swift */,
				9880025C21044A10001156FF /* FourPhotosLayout.swift */,
				9880025E21045648001156FF /* FivePhotosLayout.swift */,
			);
			path = CustomLayout;
			sourceTree = "<group>";
		};
/* End PBXGroup section */

/* Begin PBXNativeTarget section */
		9820954D20FB4A200051FA9D /* CustomLayout */ = {
			isa = PBXNativeTarget;
			buildConfigurationList = 9820956020FB4A210051FA9D /* Build configuration list for PBXNativeTarget "CustomLayout" */;
			buildPhases = (
				9820954A20FB4A200051FA9D /* Sources */,
				9820954B20FB4A200051FA9D /* Frameworks */,
				9820954C20FB4A200051FA9D /* Resources */,
			);
			buildRules = (
			);
			dependencies = (
			);
			name = CustomLayout;
			productName = CustomLayout;
			productReference = 9820954E20FB4A200051FA9D /* CustomLayout.app */;
			productType = "com.apple.product-type.application";
		};
/* End PBXNativeTarget section */

/* Begin PBXProject section */
		9820954620FB4A200051FA9D /* Project object */ = {
			isa = PBXProject;
			attributes = {
				LastSwiftUpdateCheck = 0940;
				LastUpgradeCheck = 0940;
				ORGANIZATIONNAME = sutie;
				TargetAttributes = {
					9820954D20FB4A200051FA9D = {
						CreatedOnToolsVersion = 9.4.1;
					};
				};
			};
			buildConfigurationList = 9820954920FB4A200051FA9D /* Build configuration list for PBXProject "CustomLayout" */;
			compatibilityVersion = "Xcode 9.3";
			developmentRegion = en;
			hasScannedForEncodings = 0;
			knownRegions = (
				en,
				Base,
			);
			mainGroup = 9820954520FB4A1F0051FA9D;
			productRefGroup = 9820954F20FB4A200051FA9D /* Products */;
			projectDirPath = "";
			projectRoot = "";
			targets = (
				9820954D20FB4A200051FA9D /* CustomLayout */,
			);
		};
/* End PBXProject section */

/* Begin PBXResourcesBuildPhase section */
		9820954C20FB4A200051FA9D /* Resources */ = {
			isa = PBXResourcesBuildPhase;
			buildActionMask = 2147483647;
			files = (
				9820955C20FB4A210051FA9D /* LaunchScreen.storyboard in Resources */,
				9820955920FB4A210051FA9D /* Assets.xcassets in Resources */,
				9820955720FB4A200051FA9D /* Main.storyboard in Resources */,
			);
			runOnlyForDeploymentPostprocessing = 0;
		};
/* End PBXResourcesBuildPhase section */

/* Begin PBXSourcesBuildPhase section */
		9820954A20FB4A200051FA9D /* Sources */ = {
			isa = PBXSourcesBuildPhase;
			buildActionMask = 2147483647;
			files = (
				9880025D21044A10001156FF /* FourPhotosLayout.swift in Sources */,
				9820955420FB4A200051FA9D /* ViewController.swift in Sources */,
				9880025F21045648001156FF /* FivePhotosLayout.swift in Sources */,
				98941A67210315AF00126472 /* ThreePhotosLayout.swift in Sources */,
				98941A652103048500126472 /* TwoPhotosLayout.swift in Sources */,
				98941A692103187900126472 /* OnePhotoLayout.swift in Sources */,
				9820955220FB4A200051FA9D /* AppDelegate.swift in Sources */,
				98941A632102FD5000126472 /* ImageCollectionViewCell.swift in Sources */,
				9820956420FB4AE20051FA9D /* RDPhotoCollageLayout.swift in Sources */,
			);
			runOnlyForDeploymentPostprocessing = 0;
		};
/* End PBXSourcesBuildPhase section */

/* Begin PBXVariantGroup section */
		9820955520FB4A200051FA9D /* Main.storyboard */ = {
			isa = PBXVariantGroup;
			children = (
				9820955620FB4A200051FA9D /* Base */,
			);
			name = Main.storyboard;
			sourceTree = "<group>";
		};
		9820955A20FB4A210051FA9D /* LaunchScreen.storyboard */ = {
			isa = PBXVariantGroup;
			children = (
				9820955B20FB4A210051FA9D /* Base */,
			);
			name = LaunchScreen.storyboard;
			sourceTree = "<group>";
		};
/* End PBXVariantGroup section */

/* Begin XCBuildConfiguration section */
		9820955E20FB4A210051FA9D /* Debug */ = {
			isa = XCBuildConfiguration;
			buildSettings = {
				ALWAYS_SEARCH_USER_PATHS = NO;
				CLANG_ANALYZER_NONNULL = YES;
				CLANG_ANALYZER_NUMBER_OBJECT_CONVERSION = YES_AGGRESSIVE;
				CLANG_CXX_LANGUAGE_STANDARD = "gnu++14";
				CLANG_CXX_LIBRARY = "libc++";
				CLANG_ENABLE_MODULES = YES;
				CLANG_ENABLE_OBJC_ARC = YES;
				CLANG_ENABLE_OBJC_WEAK = YES;
				CLANG_WARN_BLOCK_CAPTURE_AUTORELEASING = YES;
				CLANG_WARN_BOOL_CONVERSION = YES;
				CLANG_WARN_COMMA = YES;
				CLANG_WARN_CONSTANT_CONVERSION = YES;
				CLANG_WARN_DEPRECATED_OBJC_IMPLEMENTATIONS = YES;
				CLANG_WARN_DIRECT_OBJC_ISA_USAGE = YES_ERROR;
				CLANG_WARN_DOCUMENTATION_COMMENTS = YES;
				CLANG_WARN_EMPTY_BODY = YES;
				CLANG_WARN_ENUM_CONVERSION = YES;
				CLANG_WARN_INFINITE_RECURSION = YES;
				CLANG_WARN_INT_CONVERSION = YES;
				CLANG_WARN_NON_LITERAL_NULL_CONVERSION = YES;
				CLANG_WARN_OBJC_IMPLICIT_RETAIN_SELF = YES;
				CLANG_WARN_OBJC_LITERAL_CONVERSION = YES;
				CLANG_WARN_OBJC_ROOT_CLASS = YES_ERROR;
				CLANG_WARN_RANGE_LOOP_ANALYSIS = YES;
				CLANG_WARN_STRICT_PROTOTYPES = YES;
				CLANG_WARN_SUSPICIOUS_MOVE = YES;
				CLANG_WARN_UNGUARDED_AVAILABILITY = YES_AGGRESSIVE;
				CLANG_WARN_UNREACHABLE_CODE = YES;
				CLANG_WARN__DUPLICATE_METHOD_MATCH = YES;
				CODE_SIGN_IDENTITY = "iPhone Developer";
				COPY_PHASE_STRIP = NO;
				DEBUG_INFORMATION_FORMAT = dwarf;
				ENABLE_STRICT_OBJC_MSGSEND = YES;
				ENABLE_TESTABILITY = YES;
				GCC_C_LANGUAGE_STANDARD = gnu11;
				GCC_DYNAMIC_NO_PIC = NO;
				GCC_NO_COMMON_BLOCKS = YES;
				GCC_OPTIMIZATION_LEVEL = 0;
				GCC_PREPROCESSOR_DEFINITIONS = (
					"DEBUG=1",
					"$(inherited)",
				);
				GCC_WARN_64_TO_32_BIT_CONVERSION = YES;
				GCC_WARN_ABOUT_RETURN_TYPE = YES_ERROR;
				GCC_WARN_UNDECLARED_SELECTOR = YES;
				GCC_WARN_UNINITIALIZED_AUTOS = YES_AGGRESSIVE;
				GCC_WARN_UNUSED_FUNCTION = YES;
				GCC_WARN_UNUSED_VARIABLE = YES;
				IPHONEOS_DEPLOYMENT_TARGET = 11.4;
				MTL_ENABLE_DEBUG_INFO = YES;
				ONLY_ACTIVE_ARCH = YES;
				SDKROOT = iphoneos;
				SWIFT_ACTIVE_COMPILATION_CONDITIONS = DEBUG;
				SWIFT_OPTIMIZATION_LEVEL = "-Onone";
			};
			name = Debug;
		};
		9820955F20FB4A210051FA9D /* Release */ = {
			isa = XCBuildConfiguration;
			buildSettings = {
				ALWAYS_SEARCH_USER_PATHS = NO;
				CLANG_ANALYZER_NONNULL = YES;
				CLANG_ANALYZER_NUMBER_OBJECT_CONVERSION = YES_AGGRESSIVE;
				CLANG_CXX_LANGUAGE_STANDARD = "gnu++14";
				CLANG_CXX_LIBRARY = "libc++";
				CLANG_ENABLE_MODULES = YES;
				CLANG_ENABLE_OBJC_ARC = YES;
				CLANG_ENABLE_OBJC_WEAK = YES;
				CLANG_WARN_BLOCK_CAPTURE_AUTORELEASING = YES;
				CLANG_WARN_BOOL_CONVERSION = YES;
				CLANG_WARN_COMMA = YES;
				CLANG_WARN_CONSTANT_CONVERSION = YES;
				CLANG_WARN_DEPRECATED_OBJC_IMPLEMENTATIONS = YES;
				CLANG_WARN_DIRECT_OBJC_ISA_USAGE = YES_ERROR;
				CLANG_WARN_DOCUMENTATION_COMMENTS = YES;
				CLANG_WARN_EMPTY_BODY = YES;
				CLANG_WARN_ENUM_CONVERSION = YES;
				CLANG_WARN_INFINITE_RECURSION = YES;
				CLANG_WARN_INT_CONVERSION = YES;
				CLANG_WARN_NON_LITERAL_NULL_CONVERSION = YES;
				CLANG_WARN_OBJC_IMPLICIT_RETAIN_SELF = YES;
				CLANG_WARN_OBJC_LITERAL_CONVERSION = YES;
				CLANG_WARN_OBJC_ROOT_CLASS = YES_ERROR;
				CLANG_WARN_RANGE_LOOP_ANALYSIS = YES;
				CLANG_WARN_STRICT_PROTOTYPES = YES;
				CLANG_WARN_SUSPICIOUS_MOVE = YES;
				CLANG_WARN_UNGUARDED_AVAILABILITY = YES_AGGRESSIVE;
				CLANG_WARN_UNREACHABLE_CODE = YES;
				CLANG_WARN__DUPLICATE_METHOD_MATCH = YES;
				CODE_SIGN_IDENTITY = "iPhone Developer";
				COPY_PHASE_STRIP = NO;
				DEBUG_INFORMATION_FORMAT = "dwarf-with-dsym";
				ENABLE_NS_ASSERTIONS = NO;
				ENABLE_STRICT_OBJC_MSGSEND = YES;
				GCC_C_LANGUAGE_STANDARD = gnu11;
				GCC_NO_COMMON_BLOCKS = YES;
				GCC_WARN_64_TO_32_BIT_CONVERSION = YES;
				GCC_WARN_ABOUT_RETURN_TYPE = YES_ERROR;
				GCC_WARN_UNDECLARED_SELECTOR = YES;
				GCC_WARN_UNINITIALIZED_AUTOS = YES_AGGRESSIVE;
				GCC_WARN_UNUSED_FUNCTION = YES;
				GCC_WARN_UNUSED_VARIABLE = YES;
				IPHONEOS_DEPLOYMENT_TARGET = 11.4;
				MTL_ENABLE_DEBUG_INFO = NO;
				SDKROOT = iphoneos;
				SWIFT_COMPILATION_MODE = wholemodule;
				SWIFT_OPTIMIZATION_LEVEL = "-O";
				VALIDATE_PRODUCT = YES;
			};
			name = Release;
		};
		9820956120FB4A210051FA9D /* Debug */ = {
			isa = XCBuildConfiguration;
			buildSettings = {
				ASSETCATALOG_COMPILER_APPICON_NAME = AppIcon;
				CODE_SIGN_STYLE = Automatic;
				DEVELOPMENT_TEAM = "";
				INFOPLIST_FILE = CustomLayout/Info.plist;
				IPHONEOS_DEPLOYMENT_TARGET = 11.0;
				LD_RUNPATH_SEARCH_PATHS = (
					"$(inherited)",
					"@executable_path/Frameworks",
				);
				PRODUCT_BUNDLE_IDENTIFIER = sutie.CustomLayout;
				PRODUCT_NAME = "$(TARGET_NAME)";
				SWIFT_VERSION = 4.0;
				TARGETED_DEVICE_FAMILY = "1,2";
			};
			name = Debug;
		};
		9820956220FB4A210051FA9D /* Release */ = {
			isa = XCBuildConfiguration;
			buildSettings = {
				ASSETCATALOG_COMPILER_APPICON_NAME = AppIcon;
				CODE_SIGN_STYLE = Automatic;
				DEVELOPMENT_TEAM = "";
				INFOPLIST_FILE = CustomLayout/Info.plist;
				IPHONEOS_DEPLOYMENT_TARGET = 11.0;
				LD_RUNPATH_SEARCH_PATHS = (
					"$(inherited)",
					"@executable_path/Frameworks",
				);
				PRODUCT_BUNDLE_IDENTIFIER = sutie.CustomLayout;
				PRODUCT_NAME = "$(TARGET_NAME)";
				SWIFT_VERSION = 4.0;
				TARGETED_DEVICE_FAMILY = "1,2";
			};
			name = Release;
		};
/* End XCBuildConfiguration section */

/* Begin XCConfigurationList section */
		9820954920FB4A200051FA9D /* Build configuration list for PBXProject "CustomLayout" */ = {
			isa = XCConfigurationList;
			buildConfigurations = (
				9820955E20FB4A210051FA9D /* Debug */,
				9820955F20FB4A210051FA9D /* Release */,
			);
			defaultConfigurationIsVisible = 0;
			defaultConfigurationName = Release;
		};
		9820956020FB4A210051FA9D /* Build configuration list for PBXNativeTarget "CustomLayout" */ = {
			isa = XCConfigurationList;
			buildConfigurations = (
				9820956120FB4A210051FA9D /* Debug */,
				9820956220FB4A210051FA9D /* Release */,
			);
			defaultConfigurationIsVisible = 0;
			defaultConfigurationName = Release;
		};
/* End XCConfigurationList section */
	};
	rootObject = 9820954620FB4A200051FA9D /* Project object */;
}
